
Microsoft Visual Studio Solution File, Format Version 12.00
# Visual Studio Version 17
VisualStudioVersion = 17.9.34622.214
MinimumVisualStudioVersion = 10.0.40219.1
Project("{9A19103F-16F7-4668-BE54-9A1E7A4F7556}") = "FootWinGG", "FootWinGG\FootWinGG.csproj", "{5978D7EA-6985-452F-8060-516FD9C7423E}"
EndProject
Global
	GlobalSection(SolutionConfigurationPlatforms) = preSolution
		Debug|Any CPU = Debug|Any CPU
		Release|Any CPU = Release|Any CPU
	EndGlobalSection
	GlobalSection(ProjectConfigurationPlatforms) = postSolution
		{5978D7EA-6985-452F-8060-516FD9C7423E}.Debug|Any CPU.ActiveCfg = Debug|Any CPU
		{5978D7EA-6985-452F-8060-516FD9C7423E}.Debug|Any CPU.Build.0 = Debug|Any CPU
		{5978D7EA-6985-452F-8060-516FD9C7423E}.Release|Any CPU.ActiveCfg = Release|Any CPU
		{5978D7EA-6985-452F-8060-516FD9C7423E}.Release|Any CPU.Build.0 = Release|Any CPU
	EndGlobalSection
	GlobalSection(SolutionProperties) = preSolution
		HideSolutionNode = FALSE
	EndGlobalSection
	GlobalSection(ExtensibilityGlobals) = postSolution
		SolutionGuid = {79C521D6-53A9-416E-9C84-BF5816FCBACA}
	EndGlobalSection
EndGlobal
